// !$*UTF8*$!
{
	archiveVersion = 1;
	classes = {
	};
	objectVersion = 56;
	objects = {

/* Begin PBXBuildFile section */
		747C719E291D4941009AA4F2 /* AppDelegate.swift in Sources */ = {isa = PBXBuildFile; fileRef = 747C719D291D4941009AA4F2 /* AppDelegate.swift */; };
		747C71A0291D4941009AA4F2 /* SceneDelegate.swift in Sources */ = {isa = PBXBuildFile; fileRef = 747C719F291D4941009AA4F2 /* SceneDelegate.swift */; };
		747C71A2291D4941009AA4F2 /* MainViewController.swift in Sources */ = {isa = PBXBuildFile; fileRef = 747C71A1291D4941009AA4F2 /* MainViewController.swift */; };
		747C71A7291D4945009AA4F2 /* Assets.xcassets in Resources */ = {isa = PBXBuildFile; fileRef = 747C71A6291D4945009AA4F2 /* Assets.xcassets */; };
		747C71AA291D4945009AA4F2 /* LaunchScreen.storyboard in Resources */ = {isa = PBXBuildFile; fileRef = 747C71A8291D4945009AA4F2 /* LaunchScreen.storyboard */; };
		747C71B9291D4DA1009AA4F2 /* MainTableViewCell.swift in Sources */ = {isa = PBXBuildFile; fileRef = 747C71B8291D4DA1009AA4F2 /* MainTableViewCell.swift */; };
		747C71BB291D5022009AA4F2 /* MainView.swift in Sources */ = {isa = PBXBuildFile; fileRef = 747C71BA291D5022009AA4F2 /* MainView.swift */; };
		747C71BF291D5526009AA4F2 /* UIStackView + Ext.swift in Sources */ = {isa = PBXBuildFile; fileRef = 747C71BE291D5526009AA4F2 /* UIStackView + Ext.swift */; };
		74A082A4291D7EAB0039D776 /* CharacterManager.swift in Sources */ = {isa = PBXBuildFile; fileRef = 74A082A3291D7EAB0039D776 /* CharacterManager.swift */; };
		74A082A6291D7F390039D776 /* CharacterModel.swift in Sources */ = {isa = PBXBuildFile; fileRef = 74A082A5291D7F390039D776 /* CharacterModel.swift */; };
		74A082A9291D99A90039D776 /* SDWebImage in Frameworks */ = {isa = PBXBuildFile; productRef = 74A082A8291D99A90039D776 /* SDWebImage */; };
		74A082AB291D99A90039D776 /* SDWebImageMapKit in Frameworks */ = {isa = PBXBuildFile; productRef = 74A082AA291D99A90039D776 /* SDWebImageMapKit */; };
		74A082AD291DC3770039D776 /* ViewModel.swift in Sources */ = {isa = PBXBuildFile; fileRef = 74A082AC291DC3770039D776 /* ViewModel.swift */; };
		74A082AF291E323B0039D776 /* Constants.swift in Sources */ = {isa = PBXBuildFile; fileRef = 74A082AE291E323B0039D776 /* Constants.swift */; };
		74A082B1291E32780039D776 /* UIColor + Ext.swift in Sources */ = {isa = PBXBuildFile; fileRef = 74A082B0291E32780039D776 /* UIColor + Ext.swift */; };
		74A4A9DC291D601F009AB341 /* UILabel + Ext.swift in Sources */ = {isa = PBXBuildFile; fileRef = 74A4A9DB291D601F009AB341 /* UILabel + Ext.swift */; };
/* End PBXBuildFile section */

/* Begin PBXFileReference section */
		747C719A291D4941009AA4F2 /* Rick and Morty.app */ = {isa = PBXFileReference; explicitFileType = wrapper.application; includeInIndex = 0; path = "Rick and Morty.app"; sourceTree = BUILT_PRODUCTS_DIR; };
		747C719D291D4941009AA4F2 /* AppDelegate.swift */ = {isa = PBXFileReference; lastKnownFileType = sourcecode.swift; path = AppDelegate.swift; sourceTree = "<group>"; };
		747C719F291D4941009AA4F2 /* SceneDelegate.swift */ = {isa = PBXFileReference; lastKnownFileType = sourcecode.swift; path = SceneDelegate.swift; sourceTree = "<group>"; };
		747C71A1291D4941009AA4F2 /* MainViewController.swift */ = {isa = PBXFileReference; lastKnownFileType = sourcecode.swift; path = MainViewController.swift; sourceTree = "<group>"; };
		747C71A6291D4945009AA4F2 /* Assets.xcassets */ = {isa = PBXFileReference; lastKnownFileType = folder.assetcatalog; path = Assets.xcassets; sourceTree = "<group>"; };
		747C71A9291D4945009AA4F2 /* Base */ = {isa = PBXFileReference; lastKnownFileType = file.storyboard; name = Base; path = Base.lproj/LaunchScreen.storyboard; sourceTree = "<group>"; };
		747C71AB291D4945009AA4F2 /* Info.plist */ = {isa = PBXFileReference; lastKnownFileType = text.plist.xml; path = Info.plist; sourceTree = "<group>"; };
		747C71B8291D4DA1009AA4F2 /* MainTableViewCell.swift */ = {isa = PBXFileReference; lastKnownFileType = sourcecode.swift; path = MainTableViewCell.swift; sourceTree = "<group>"; };
		747C71BA291D5022009AA4F2 /* MainView.swift */ = {isa = PBXFileReference; lastKnownFileType = sourcecode.swift; path = MainView.swift; sourceTree = "<group>"; };
		747C71BE291D5526009AA4F2 /* UIStackView + Ext.swift */ = {isa = PBXFileReference; lastKnownFileType = sourcecode.swift; path = "UIStackView + Ext.swift"; sourceTree = "<group>"; };
		74A082A3291D7EAB0039D776 /* CharacterManager.swift */ = {isa = PBXFileReference; lastKnownFileType = sourcecode.swift; path = CharacterManager.swift; sourceTree = "<group>"; };
		74A082A5291D7F390039D776 /* CharacterModel.swift */ = {isa = PBXFileReference; lastKnownFileType = sourcecode.swift; path = CharacterModel.swift; sourceTree = "<group>"; };
		74A082AC291DC3770039D776 /* ViewModel.swift */ = {isa = PBXFileReference; lastKnownFileType = sourcecode.swift; path = ViewModel.swift; sourceTree = "<group>"; };
		74A082AE291E323B0039D776 /* Constants.swift */ = {isa = PBXFileReference; lastKnownFileType = sourcecode.swift; path = Constants.swift; sourceTree = "<group>"; };
		74A082B0291E32780039D776 /* UIColor + Ext.swift */ = {isa = PBXFileReference; lastKnownFileType = sourcecode.swift; path = "UIColor + Ext.swift"; sourceTree = "<group>"; };
		74A4A9DB291D601F009AB341 /* UILabel + Ext.swift */ = {isa = PBXFileReference; lastKnownFileType = sourcecode.swift; path = "UILabel + Ext.swift"; sourceTree = "<group>"; };
/* End PBXFileReference section */

/* Begin PBXFrameworksBuildPhase section */
		747C7197291D4941009AA4F2 /* Frameworks */ = {
			isa = PBXFrameworksBuildPhase;
			buildActionMask = 2147483647;
			files = (
				74A082AB291D99A90039D776 /* SDWebImageMapKit in Frameworks */,
				74A082A9291D99A90039D776 /* SDWebImage in Frameworks */,
			);
			runOnlyForDeploymentPostprocessing = 0;
		};
/* End PBXFrameworksBuildPhase section */

/* Begin PBXGroup section */
		747C7191291D4941009AA4F2 = {
			isa = PBXGroup;
			children = (
				747C719B291D4941009AA4F2 /* Products */,
				747C719C291D4941009AA4F2 /* Rick and Morty */,
			);
			sourceTree = "<group>";
		};
		747C719B291D4941009AA4F2 /* Products */ = {
			isa = PBXGroup;
			children = (
				747C719A291D4941009AA4F2 /* Rick and Morty.app */,
			);
			name = Products;
			sourceTree = "<group>";
		};
		747C719C291D4941009AA4F2 /* Rick and Morty */ = {
			isa = PBXGroup;
			children = (
				747C71B2291D49C1009AA4F2 /* Aplication */,
				747C71B3291D49CD009AA4F2 /* Controllers */,
				747C71BC291D5501009AA4F2 /* Helpers */,
				747C71B4291D49D7009AA4F2 /* Model */,
				74A082A2291D7E6F0039D776 /* Network */,
				747C71B1291D49AE009AA4F2 /* Resources */,
				747C71B5291D49E0009AA4F2 /* View */,
			);
			path = "Rick and Morty";
			sourceTree = "<group>";
		};
		747C71B1291D49AE009AA4F2 /* Resources */ = {
			isa = PBXGroup;
			children = (
				747C71A6291D4945009AA4F2 /* Assets.xcassets */,
				747C71A8291D4945009AA4F2 /* LaunchScreen.storyboard */,
				747C71AB291D4945009AA4F2 /* Info.plist */,
			);
			path = Resources;
			sourceTree = "<group>";
		};
		747C71B2291D49C1009AA4F2 /* Aplication */ = {
			isa = PBXGroup;
			children = (
				747C719D291D4941009AA4F2 /* AppDelegate.swift */,
				747C719F291D4941009AA4F2 /* SceneDelegate.swift */,
			);
			path = Aplication;
			sourceTree = "<group>";
		};
		747C71B3291D49CD009AA4F2 /* Controllers */ = {
			isa = PBXGroup;
			children = (
				747C71A1291D4941009AA4F2 /* MainViewController.swift */,
			);
			path = Controllers;
			sourceTree = "<group>";
		};
		747C71B4291D49D7009AA4F2 /* Model */ = {
			isa = PBXGroup;
			children = (
				74A082A5291D7F390039D776 /* CharacterModel.swift */,
				74A082AC291DC3770039D776 /* ViewModel.swift */,
			);
			path = Model;
			sourceTree = "<group>";
		};
		747C71B5291D49E0009AA4F2 /* View */ = {
			isa = PBXGroup;
			children = (
				747C71B7291D4D89009AA4F2 /* Cell */,
				747C71BA291D5022009AA4F2 /* MainView.swift */,
			);
			path = View;
			sourceTree = "<group>";
		};
		747C71B7291D4D89009AA4F2 /* Cell */ = {
			isa = PBXGroup;
			children = (
				747C71B8291D4DA1009AA4F2 /* MainTableViewCell.swift */,
			);
			path = Cell;
			sourceTree = "<group>";
		};
		747C71BC291D5501009AA4F2 /* Helpers */ = {
			isa = PBXGroup;
			children = (
				747C71BD291D5511009AA4F2 /* Extentions */,
				74A082AE291E323B0039D776 /* Constants.swift */,
			);
			path = Helpers;
			sourceTree = "<group>";
		};
		747C71BD291D5511009AA4F2 /* Extentions */ = {
			isa = PBXGroup;
			children = (
				747C71BE291D5526009AA4F2 /* UIStackView + Ext.swift */,
				74A4A9DB291D601F009AB341 /* UILabel + Ext.swift */,
				74A082B0291E32780039D776 /* UIColor + Ext.swift */,
			);
			path = Extentions;
			sourceTree = "<group>";
		};
		74A082A2291D7E6F0039D776 /* Network */ = {
			isa = PBXGroup;
			children = (
				74A082A3291D7EAB0039D776 /* CharacterManager.swift */,
			);
			path = Network;
			sourceTree = "<group>";
		};
/* End PBXGroup section */

/* Begin PBXNativeTarget section */
		747C7199291D4941009AA4F2 /* Rick and Morty */ = {
			isa = PBXNativeTarget;
			buildConfigurationList = 747C71AE291D4945009AA4F2 /* Build configuration list for PBXNativeTarget "Rick and Morty" */;
			buildPhases = (
				747C7196291D4941009AA4F2 /* Sources */,
				747C7197291D4941009AA4F2 /* Frameworks */,
				747C7198291D4941009AA4F2 /* Resources */,
			);
			buildRules = (
			);
			dependencies = (
			);
			name = "Rick and Morty";
			packageProductDependencies = (
				74A082A8291D99A90039D776 /* SDWebImage */,
				74A082AA291D99A90039D776 /* SDWebImageMapKit */,
			);
			productName = "Rick and Morty";
			productReference = 747C719A291D4941009AA4F2 /* Rick and Morty.app */;
			productType = "com.apple.product-type.application";
		};
/* End PBXNativeTarget section */

/* Begin PBXProject section */
		747C7192291D4941009AA4F2 /* Project object */ = {
			isa = PBXProject;
			attributes = {
				BuildIndependentTargetsInParallel = 1;
				LastSwiftUpdateCheck = 1400;
				LastUpgradeCheck = 1400;
				TargetAttributes = {
					747C7199291D4941009AA4F2 = {
						CreatedOnToolsVersion = 14.0;
					};
				};
			};
			buildConfigurationList = 747C7195291D4941009AA4F2 /* Build configuration list for PBXProject "Rick and Morty" */;
			compatibilityVersion = "Xcode 14.0";
			developmentRegion = en;
			hasScannedForEncodings = 0;
			knownRegions = (
				en,
				Base,
			);
			mainGroup = 747C7191291D4941009AA4F2;
			packageReferences = (
				74A082A7291D99A90039D776 /* XCRemoteSwiftPackageReference "SDWebImage" */,
			);
			productRefGroup = 747C719B291D4941009AA4F2 /* Products */;
			projectDirPath = "";
			projectRoot = "";
			targets = (
				747C7199291D4941009AA4F2 /* Rick and Morty */,
			);
		};
/* End PBXProject section */

/* Begin PBXResourcesBuildPhase section */
		747C7198291D4941009AA4F2 /* Resources */ = {
			isa = PBXResourcesBuildPhase;
			buildActionMask = 2147483647;
			files = (
				747C71AA291D4945009AA4F2 /* LaunchScreen.storyboard in Resources */,
				747C71A7291D4945009AA4F2 /* Assets.xcassets in Resources */,
			);
			runOnlyForDeploymentPostprocessing = 0;
		};
/* End PBXResourcesBuildPhase section */

/* Begin PBXSourcesBuildPhase section */
		747C7196291D4941009AA4F2 /* Sources */ = {
			isa = PBXSourcesBuildPhase;
			buildActionMask = 2147483647;
			files = (
				74A082AD291DC3770039D776 /* ViewModel.swift in Sources */,
				74A082AF291E323B0039D776 /* Constants.swift in Sources */,
				747C71A2291D4941009AA4F2 /* MainViewController.swift in Sources */,
				74A082A4291D7EAB0039D776 /* CharacterManager.swift in Sources */,
				74A4A9DC291D601F009AB341 /* UILabel + Ext.swift in Sources */,
				747C719E291D4941009AA4F2 /* AppDelegate.swift in Sources */,
				747C71B9291D4DA1009AA4F2 /* MainTableViewCell.swift in Sources */,
				74A082B1291E32780039D776 /* UIColor + Ext.swift in Sources */,
				747C71BB291D5022009AA4F2 /* MainView.swift in Sources */,
				74A082A6291D7F390039D776 /* CharacterModel.swift in Sources */,
				747C71A0291D4941009AA4F2 /* SceneDelegate.swift in Sources */,
				747C71BF291D5526009AA4F2 /* UIStackView + Ext.swift in Sources */,
			);
			runOnlyForDeploymentPostprocessing = 0;
		};
/* End PBXSourcesBuildPhase section */

/* Begin PBXVariantGroup section */
		747C71A8291D4945009AA4F2 /* LaunchScreen.storyboard */ = {
			isa = PBXVariantGroup;
			children = (
				747C71A9291D4945009AA4F2 /* Base */,
			);
			name = LaunchScreen.storyboard;
			sourceTree = "<group>";
		};
/* End PBXVariantGroup section */

/* Begin XCBuildConfiguration section */
		747C71AC291D4945009AA4F2 /* Debug */ = {
			isa = XCBuildConfiguration;
			buildSettings = {
				ALWAYS_SEARCH_USER_PATHS = NO;
				CLANG_ANALYZER_NONNULL = YES;
				CLANG_ANALYZER_NUMBER_OBJECT_CONVERSION = YES_AGGRESSIVE;
				CLANG_CXX_LANGUAGE_STANDARD = "gnu++20";
				CLANG_ENABLE_MODULES = YES;
				CLANG_ENABLE_OBJC_ARC = YES;
				CLANG_ENABLE_OBJC_WEAK = YES;
				CLANG_WARN_BLOCK_CAPTURE_AUTORELEASING = YES;
				CLANG_WARN_BOOL_CONVERSION = YES;
				CLANG_WARN_COMMA = YES;
				CLANG_WARN_CONSTANT_CONVERSION = YES;
				CLANG_WARN_DEPRECATED_OBJC_IMPLEMENTATIONS = YES;
				CLANG_WARN_DIRECT_OBJC_ISA_USAGE = YES_ERROR;
				CLANG_WARN_DOCUMENTATION_COMMENTS = YES;
				CLANG_WARN_EMPTY_BODY = YES;
				CLANG_WARN_ENUM_CONVERSION = YES;
				CLANG_WARN_INFINITE_RECURSION = YES;
				CLANG_WARN_INT_CONVERSION = YES;
				CLANG_WARN_NON_LITERAL_NULL_CONVERSION = YES;
				CLANG_WARN_OBJC_IMPLICIT_RETAIN_SELF = YES;
				CLANG_WARN_OBJC_LITERAL_CONVERSION = YES;
				CLANG_WARN_OBJC_ROOT_CLASS = YES_ERROR;
				CLANG_WARN_QUOTED_INCLUDE_IN_FRAMEWORK_HEADER = YES;
				CLANG_WARN_RANGE_LOOP_ANALYSIS = YES;
				CLANG_WARN_STRICT_PROTOTYPES = YES;
				CLANG_WARN_SUSPICIOUS_MOVE = YES;
				CLANG_WARN_UNGUARDED_AVAILABILITY = YES_AGGRESSIVE;
				CLANG_WARN_UNREACHABLE_CODE = YES;
				CLANG_WARN__DUPLICATE_METHOD_MATCH = YES;
				COPY_PHASE_STRIP = NO;
				DEBUG_INFORMATION_FORMAT = dwarf;
				ENABLE_STRICT_OBJC_MSGSEND = YES;
				ENABLE_TESTABILITY = YES;
				GCC_C_LANGUAGE_STANDARD = gnu11;
				GCC_DYNAMIC_NO_PIC = NO;
				GCC_NO_COMMON_BLOCKS = YES;
				GCC_OPTIMIZATION_LEVEL = 0;
				GCC_PREPROCESSOR_DEFINITIONS = (
					"DEBUG=1",
					"$(inherited)",
				);
				GCC_WARN_64_TO_32_BIT_CONVERSION = YES;
				GCC_WARN_ABOUT_RETURN_TYPE = YES_ERROR;
				GCC_WARN_UNDECLARED_SELECTOR = YES;
				GCC_WARN_UNINITIALIZED_AUTOS = YES_AGGRESSIVE;
				GCC_WARN_UNUSED_FUNCTION = YES;
				GCC_WARN_UNUSED_VARIABLE = YES;
				IPHONEOS_DEPLOYMENT_TARGET = 16.0;
				MTL_ENABLE_DEBUG_INFO = INCLUDE_SOURCE;
				MTL_FAST_MATH = YES;
				ONLY_ACTIVE_ARCH = YES;
				SDKROOT = iphoneos;
				SWIFT_ACTIVE_COMPILATION_CONDITIONS = DEBUG;
				SWIFT_OPTIMIZATION_LEVEL = "-Onone";
			};
			name = Debug;
		};
		747C71AD291D4945009AA4F2 /* Release */ = {
			isa = XCBuildConfiguration;
			buildSettings = {
				ALWAYS_SEARCH_USER_PATHS = NO;
				CLANG_ANALYZER_NONNULL = YES;
				CLANG_ANALYZER_NUMBER_OBJECT_CONVERSION = YES_AGGRESSIVE;
				CLANG_CXX_LANGUAGE_STANDARD = "gnu++20";
				CLANG_ENABLE_MODULES = YES;
				CLANG_ENABLE_OBJC_ARC = YES;
				CLANG_ENABLE_OBJC_WEAK = YES;
				CLANG_WARN_BLOCK_CAPTURE_AUTORELEASING = YES;
				CLANG_WARN_BOOL_CONVERSION = YES;
				CLANG_WARN_COMMA = YES;
				CLANG_WARN_CONSTANT_CONVERSION = YES;
				CLANG_WARN_DEPRECATED_OBJC_IMPLEMENTATIONS = YES;
				CLANG_WARN_DIRECT_OBJC_ISA_USAGE = YES_ERROR;
				CLANG_WARN_DOCUMENTATION_COMMENTS = YES;
				CLANG_WARN_EMPTY_BODY = YES;
				CLANG_WARN_ENUM_CONVERSION = YES;
				CLANG_WARN_INFINITE_RECURSION = YES;
				CLANG_WARN_INT_CONVERSION = YES;
				CLANG_WARN_NON_LITERAL_NULL_CONVERSION = YES;
				CLANG_WARN_OBJC_IMPLICIT_RETAIN_SELF = YES;
				CLANG_WARN_OBJC_LITERAL_CONVERSION = YES;
				CLANG_WARN_OBJC_ROOT_CLASS = YES_ERROR;
				CLANG_WARN_QUOTED_INCLUDE_IN_FRAMEWORK_HEADER = YES;
				CLANG_WARN_RANGE_LOOP_ANALYSIS = YES;
				CLANG_WARN_STRICT_PROTOTYPES = YES;
				CLANG_WARN_SUSPICIOUS_MOVE = YES;
				CLANG_WARN_UNGUARDED_AVAILABILITY = YES_AGGRESSIVE;
				CLANG_WARN_UNREACHABLE_CODE = YES;
				CLANG_WARN__DUPLICATE_METHOD_MATCH = YES;
				COPY_PHASE_STRIP = NO;
				DEBUG_INFORMATION_FORMAT = "dwarf-with-dsym";
				ENABLE_NS_ASSERTIONS = NO;
				ENABLE_STRICT_OBJC_MSGSEND = YES;
				GCC_C_LANGUAGE_STANDARD = gnu11;
				GCC_NO_COMMON_BLOCKS = YES;
				GCC_WARN_64_TO_32_BIT_CONVERSION = YES;
				GCC_WARN_ABOUT_RETURN_TYPE = YES_ERROR;
				GCC_WARN_UNDECLARED_SELECTOR = YES;
				GCC_WARN_UNINITIALIZED_AUTOS = YES_AGGRESSIVE;
				GCC_WARN_UNUSED_FUNCTION = YES;
				GCC_WARN_UNUSED_VARIABLE = YES;
				IPHONEOS_DEPLOYMENT_TARGET = 16.0;
				MTL_ENABLE_DEBUG_INFO = NO;
				MTL_FAST_MATH = YES;
				SDKROOT = iphoneos;
				SWIFT_COMPILATION_MODE = wholemodule;
				SWIFT_OPTIMIZATION_LEVEL = "-O";
				VALIDATE_PRODUCT = YES;
			};
			name = Release;
		};
		747C71AF291D4945009AA4F2 /* Debug */ = {
			isa = XCBuildConfiguration;
			buildSettings = {
				ASSETCATALOG_COMPILER_APPICON_NAME = AppIcon;
				ASSETCATALOG_COMPILER_GLOBAL_ACCENT_COLOR_NAME = AccentColor;
				CODE_SIGN_STYLE = Automatic;
				CURRENT_PROJECT_VERSION = 1;
				DEVELOPMENT_TEAM = 7S58P9LH7H;
				GENERATE_INFOPLIST_FILE = YES;
				INFOPLIST_FILE = "Rick and Morty/Resources/Info.plist";
				INFOPLIST_KEY_UIApplicationSupportsIndirectInputEvents = YES;
				INFOPLIST_KEY_UILaunchStoryboardName = LaunchScreen;
				INFOPLIST_KEY_UISupportedInterfaceOrientations = UIInterfaceOrientationPortrait;
				INFOPLIST_KEY_UISupportedInterfaceOrientations_iPad = "UIInterfaceOrientationLandscapeLeft UIInterfaceOrientationLandscapeRight UIInterfaceOrientationPortrait UIInterfaceOrientationPortraitUpsideDown";
				IPHONEOS_DEPLOYMENT_TARGET = 15.0;
				LD_RUNPATH_SEARCH_PATHS = (
					"$(inherited)",
					"@executable_path/Frameworks",
				);
				MARKETING_VERSION = 1.0;
				PRODUCT_BUNDLE_IDENTIFIER = "romanKarasev.Rick-and-Morty";
				PRODUCT_NAME = "$(TARGET_NAME)";
				SUPPORTED_PLATFORMS = "iphoneos iphonesimulator";
				SUPPORTS_MACCATALYST = NO;
				SUPPORTS_MAC_DESIGNED_FOR_IPHONE_IPAD = NO;
				SWIFT_EMIT_LOC_STRINGS = YES;
				SWIFT_VERSION = 5.0;
				TARGETED_DEVICE_FAMILY = 1;
			};
			name = Debug;
		};
		747C71B0291D4945009AA4F2 /* Release */ = {
			isa = XCBuildConfiguration;
			buildSettings = {
				ASSETCATALOG_COMPILER_APPICON_NAME = AppIcon;
				ASSETCATALOG_COMPILER_GLOBAL_ACCENT_COLOR_NAME = AccentColor;
				CODE_SIGN_STYLE = Automatic;
				CURRENT_PROJECT_VERSION = 1;
				DEVELOPMENT_TEAM = 7S58P9LH7H;
				GENERATE_INFOPLIST_FILE = YES;
				INFOPLIST_FILE = "Rick and Morty/Resources/Info.plist";
				INFOPLIST_KEY_UIApplicationSupportsIndirectInputEvents = YES;
				INFOPLIST_KEY_UILaunchStoryboardName = LaunchScreen;
				INFOPLIST_KEY_UISupportedInterfaceOrientations = UIInterfaceOrientationPortrait;
				INFOPLIST_KEY_UISupportedInterfaceOrientations_iPad = "UIInterfaceOrientationLandscapeLeft UIInterfaceOrientationLandscapeRight UIInterfaceOrientationPortrait UIInterfaceOrientationPortraitUpsideDown";
				IPHONEOS_DEPLOYMENT_TARGET = 15.0;
				LD_RUNPATH_SEARCH_PATHS = (
					"$(inherited)",
					"@executable_path/Frameworks",
				);
				MARKETING_VERSION = 1.0;
				PRODUCT_BUNDLE_IDENTIFIER = "romanKarasev.Rick-and-Morty";
				PRODUCT_NAME = "$(TARGET_NAME)";
				SUPPORTED_PLATFORMS = "iphoneos iphonesimulator";
				SUPPORTS_MACCATALYST = NO;
				SUPPORTS_MAC_DESIGNED_FOR_IPHONE_IPAD = NO;
				SWIFT_EMIT_LOC_STRINGS = YES;
				SWIFT_VERSION = 5.0;
				TARGETED_DEVICE_FAMILY = 1;
			};
			name = Release;
		};
/* End XCBuildConfiguration section */

/* Begin XCConfigurationList section */
		747C7195291D4941009AA4F2 /* Build configuration list for PBXProject "Rick and Morty" */ = {
			isa = XCConfigurationList;
			buildConfigurations = (
				747C71AC291D4945009AA4F2 /* Debug */,
				747C71AD291D4945009AA4F2 /* Release */,
			);
			defaultConfigurationIsVisible = 0;
			defaultConfigurationName = Release;
		};
		747C71AE291D4945009AA4F2 /* Build configuration list for PBXNativeTarget "Rick and Morty" */ = {
			isa = XCConfigurationList;
			buildConfigurations = (
				747C71AF291D4945009AA4F2 /* Debug */,
				747C71B0291D4945009AA4F2 /* Release */,
			);
			defaultConfigurationIsVisible = 0;
			defaultConfigurationName = Release;
		};
/* End XCConfigurationList section */

/* Begin XCRemoteSwiftPackageReference section */
		74A082A7291D99A90039D776 /* XCRemoteSwiftPackageReference "SDWebImage" */ = {
			isa = XCRemoteSwiftPackageReference;
			repositoryURL = "https://github.com/SDWebImage/SDWebImage.git";
			requirement = {
				kind = upToNextMajorVersion;
				minimumVersion = 5.0.0;
			};
		};
/* End XCRemoteSwiftPackageReference section */

/* Begin XCSwiftPackageProductDependency section */
		74A082A8291D99A90039D776 /* SDWebImage */ = {
			isa = XCSwiftPackageProductDependency;
			package = 74A082A7291D99A90039D776 /* XCRemoteSwiftPackageReference "SDWebImage" */;
			productName = SDWebImage;
		};
		74A082AA291D99A90039D776 /* SDWebImageMapKit */ = {
			isa = XCSwiftPackageProductDependency;
			package = 74A082A7291D99A90039D776 /* XCRemoteSwiftPackageReference "SDWebImage" */;
			productName = SDWebImageMapKit;
		};
/* End XCSwiftPackageProductDependency section */
	};
	rootObject = 747C7192291D4941009AA4F2 /* Project object */;
}
